// !$*UTF8*$!
{
	archiveVersion = 1;
	classes = {
	};
	objectVersion = 50;
	objects = {

/* Begin PBXBuildFile section */
		D6B48912225BF4CC00A40CC6 /* AppDelegate.swift in Sources */ = {isa = PBXBuildFile; fileRef = D6B48911225BF4CC00A40CC6 /* AppDelegate.swift */; };
		D6B48914225BF4CC00A40CC6 /* ViewController.swift in Sources */ = {isa = PBXBuildFile; fileRef = D6B48913225BF4CC00A40CC6 /* ViewController.swift */; };
		D6B48917225BF4CC00A40CC6 /* Main.storyboard in Resources */ = {isa = PBXBuildFile; fileRef = D6B48915225BF4CC00A40CC6 /* Main.storyboard */; };
		D6B48919225BF4CD00A40CC6 /* Assets.xcassets in Resources */ = {isa = PBXBuildFile; fileRef = D6B48918225BF4CD00A40CC6 /* Assets.xcassets */; };
		D6B4891C225BF4CD00A40CC6 /* LaunchScreen.storyboard in Resources */ = {isa = PBXBuildFile; fileRef = D6B4891A225BF4CD00A40CC6 /* LaunchScreen.storyboard */; };
		D6B48927225BF4CD00A40CC6 /* Learn2DanceTests.swift in Sources */ = {isa = PBXBuildFile; fileRef = D6B48926225BF4CD00A40CC6 /* Learn2DanceTests.swift */; };
		D6B48932225BF4CD00A40CC6 /* Learn2DanceUITests.swift in Sources */ = {isa = PBXBuildFile; fileRef = D6B48931225BF4CD00A40CC6 /* Learn2DanceUITests.swift */; };
		D6B48940225BF6D500A40CC6 /* Second.storyboard in Resources */ = {isa = PBXBuildFile; fileRef = D6B4893F225BF6D500A40CC6 /* Second.storyboard */; };
		D6B48942225BF79D00A40CC6 /* Third.storyboard in Resources */ = {isa = PBXBuildFile; fileRef = D6B48941225BF79D00A40CC6 /* Third.storyboard */; };
/* End PBXBuildFile section */

/* Begin PBXContainerItemProxy section */
		D6B48923225BF4CD00A40CC6 /* PBXContainerItemProxy */ = {
			isa = PBXContainerItemProxy;
			containerPortal = D6B48906225BF4CC00A40CC6 /* Project object */;
			proxyType = 1;
			remoteGlobalIDString = D6B4890D225BF4CC00A40CC6;
			remoteInfo = Learn2Dance;
		};
		D6B4892E225BF4CD00A40CC6 /* PBXContainerItemProxy */ = {
			isa = PBXContainerItemProxy;
			containerPortal = D6B48906225BF4CC00A40CC6 /* Project object */;
			proxyType = 1;
			remoteGlobalIDString = D6B4890D225BF4CC00A40CC6;
			remoteInfo = Learn2Dance;
		};
/* End PBXContainerItemProxy section */

/* Begin PBXFileReference section */
		D6B4890E225BF4CC00A40CC6 /* Learn2Dance.app */ = {isa = PBXFileReference; explicitFileType = wrapper.application; includeInIndex = 0; path = Learn2Dance.app; sourceTree = BUILT_PRODUCTS_DIR; };
		D6B48911225BF4CC00A40CC6 /* AppDelegate.swift */ = {isa = PBXFileReference; lastKnownFileType = sourcecode.swift; path = AppDelegate.swift; sourceTree = "<group>"; };
		D6B48913225BF4CC00A40CC6 /* ViewController.swift */ = {isa = PBXFileReference; lastKnownFileType = sourcecode.swift; path = ViewController.swift; sourceTree = "<group>"; };
		D6B48916225BF4CC00A40CC6 /* Base */ = {isa = PBXFileReference; lastKnownFileType = file.storyboard; name = Base; path = Base.lproj/Main.storyboard; sourceTree = "<group>"; };
		D6B48918225BF4CD00A40CC6 /* Assets.xcassets */ = {isa = PBXFileReference; lastKnownFileType = folder.assetcatalog; path = Assets.xcassets; sourceTree = "<group>"; };
		D6B4891B225BF4CD00A40CC6 /* Base */ = {isa = PBXFileReference; lastKnownFileType = file.storyboard; name = Base; path = Base.lproj/LaunchScreen.storyboard; sourceTree = "<group>"; };
		D6B4891D225BF4CD00A40CC6 /* Info.plist */ = {isa = PBXFileReference; lastKnownFileType = text.plist.xml; path = Info.plist; sourceTree = "<group>"; };
		D6B48922225BF4CD00A40CC6 /* Learn2DanceTests.xctest */ = {isa = PBXFileReference; explicitFileType = wrapper.cfbundle; includeInIndex = 0; path = Learn2DanceTests.xctest; sourceTree = BUILT_PRODUCTS_DIR; };
		D6B48926225BF4CD00A40CC6 /* Learn2DanceTests.swift */ = {isa = PBXFileReference; lastKnownFileType = sourcecode.swift; path = Learn2DanceTests.swift; sourceTree = "<group>"; };
		D6B48928225BF4CD00A40CC6 /* Info.plist */ = {isa = PBXFileReference; lastKnownFileType = text.plist.xml; path = Info.plist; sourceTree = "<group>"; };
		D6B4892D225BF4CD00A40CC6 /* Learn2DanceUITests.xctest */ = {isa = PBXFileReference; explicitFileType = wrapper.cfbundle; includeInIndex = 0; path = Learn2DanceUITests.xctest; sourceTree = BUILT_PRODUCTS_DIR; };
		D6B48931225BF4CD00A40CC6 /* Learn2DanceUITests.swift */ = {isa = PBXFileReference; lastKnownFileType = sourcecode.swift; path = Learn2DanceUITests.swift; sourceTree = "<group>"; };
		D6B48933225BF4CD00A40CC6 /* Info.plist */ = {isa = PBXFileReference; lastKnownFileType = text.plist.xml; path = Info.plist; sourceTree = "<group>"; };
		D6B4893F225BF6D500A40CC6 /* Second.storyboard */ = {isa = PBXFileReference; lastKnownFileType = file.storyboard; path = Second.storyboard; sourceTree = "<group>"; };
		D6B48941225BF79D00A40CC6 /* Third.storyboard */ = {isa = PBXFileReference; lastKnownFileType = file.storyboard; path = Third.storyboard; sourceTree = "<group>"; };
/* End PBXFileReference section */

/* Begin PBXFrameworksBuildPhase section */
		D6B4890B225BF4CC00A40CC6 /* Frameworks */ = {
			isa = PBXFrameworksBuildPhase;
			buildActionMask = 2147483647;
			files = (
			);
			runOnlyForDeploymentPostprocessing = 0;
		};
		D6B4891F225BF4CD00A40CC6 /* Frameworks */ = {
			isa = PBXFrameworksBuildPhase;
			buildActionMask = 2147483647;
			files = (
			);
			runOnlyForDeploymentPostprocessing = 0;
		};
		D6B4892A225BF4CD00A40CC6 /* Frameworks */ = {
			isa = PBXFrameworksBuildPhase;
			buildActionMask = 2147483647;
			files = (
			);
			runOnlyForDeploymentPostprocessing = 0;
		};
/* End PBXFrameworksBuildPhase section */

/* Begin PBXGroup section */
		D6B48905225BF4CC00A40CC6 = {
			isa = PBXGroup;
			children = (
				D6B48910225BF4CC00A40CC6 /* Learn2Dance */,
				D6B48925225BF4CD00A40CC6 /* Learn2DanceTests */,
				D6B48930225BF4CD00A40CC6 /* Learn2DanceUITests */,
				D6B4890F225BF4CC00A40CC6 /* Products */,
			);
			sourceTree = "<group>";
		};
		D6B4890F225BF4CC00A40CC6 /* Products */ = {
			isa = PBXGroup;
			children = (
				D6B4890E225BF4CC00A40CC6 /* Learn2Dance.app */,
				D6B48922225BF4CD00A40CC6 /* Learn2DanceTests.xctest */,
				D6B4892D225BF4CD00A40CC6 /* Learn2DanceUITests.xctest */,
			);
			name = Products;
			sourceTree = "<group>";
		};
		D6B48910225BF4CC00A40CC6 /* Learn2Dance */ = {
			isa = PBXGroup;
			children = (
				D6B48911225BF4CC00A40CC6 /* AppDelegate.swift */,
				D6B48913225BF4CC00A40CC6 /* ViewController.swift */,
				D6B48915225BF4CC00A40CC6 /* Main.storyboard */,
				D6B48941225BF79D00A40CC6 /* Third.storyboard */,
				D6B4893F225BF6D500A40CC6 /* Second.storyboard */,
				D6B48918225BF4CD00A40CC6 /* Assets.xcassets */,
				D6B4891A225BF4CD00A40CC6 /* LaunchScreen.storyboard */,
				D6B4891D225BF4CD00A40CC6 /* Info.plist */,
			);
			path = Learn2Dance;
			sourceTree = "<group>";
		};
		D6B48925225BF4CD00A40CC6 /* Learn2DanceTests */ = {
			isa = PBXGroup;
			children = (
				D6B48926225BF4CD00A40CC6 /* Learn2DanceTests.swift */,
				D6B48928225BF4CD00A40CC6 /* Info.plist */,
			);
			path = Learn2DanceTests;
			sourceTree = "<group>";
		};
		D6B48930225BF4CD00A40CC6 /* Learn2DanceUITests */ = {
			isa = PBXGroup;
			children = (
				D6B48931225BF4CD00A40CC6 /* Learn2DanceUITests.swift */,
				D6B48933225BF4CD00A40CC6 /* Info.plist */,
			);
			path = Learn2DanceUITests;
			sourceTree = "<group>";
		};
/* End PBXGroup section */

/* Begin PBXNativeTarget section */
		D6B4890D225BF4CC00A40CC6 /* Learn2Dance */ = {
			isa = PBXNativeTarget;
			buildConfigurationList = D6B48936225BF4CD00A40CC6 /* Build configuration list for PBXNativeTarget "Learn2Dance" */;
			buildPhases = (
				D6B4890A225BF4CC00A40CC6 /* Sources */,
				D6B4890B225BF4CC00A40CC6 /* Frameworks */,
				D6B4890C225BF4CC00A40CC6 /* Resources */,
			);
			buildRules = (
			);
			dependencies = (
			);
			name = Learn2Dance;
			productName = Learn2Dance;
			productReference = D6B4890E225BF4CC00A40CC6 /* Learn2Dance.app */;
			productType = "com.apple.product-type.application";
		};
		D6B48921225BF4CD00A40CC6 /* Learn2DanceTests */ = {
			isa = PBXNativeTarget;
			buildConfigurationList = D6B48939225BF4CD00A40CC6 /* Build configuration list for PBXNativeTarget "Learn2DanceTests" */;
			buildPhases = (
				D6B4891E225BF4CD00A40CC6 /* Sources */,
				D6B4891F225BF4CD00A40CC6 /* Frameworks */,
				D6B48920225BF4CD00A40CC6 /* Resources */,
			);
			buildRules = (
			);
			dependencies = (
				D6B48924225BF4CD00A40CC6 /* PBXTargetDependency */,
			);
			name = Learn2DanceTests;
			productName = Learn2DanceTests;
			productReference = D6B48922225BF4CD00A40CC6 /* Learn2DanceTests.xctest */;
			productType = "com.apple.product-type.bundle.unit-test";
		};
		D6B4892C225BF4CD00A40CC6 /* Learn2DanceUITests */ = {
			isa = PBXNativeTarget;
			buildConfigurationList = D6B4893C225BF4CD00A40CC6 /* Build configuration list for PBXNativeTarget "Learn2DanceUITests" */;
			buildPhases = (
				D6B48929225BF4CD00A40CC6 /* Sources */,
				D6B4892A225BF4CD00A40CC6 /* Frameworks */,
				D6B4892B225BF4CD00A40CC6 /* Resources */,
			);
			buildRules = (
			);
			dependencies = (
				D6B4892F225BF4CD00A40CC6 /* PBXTargetDependency */,
			);
			name = Learn2DanceUITests;
			productName = Learn2DanceUITests;
			productReference = D6B4892D225BF4CD00A40CC6 /* Learn2DanceUITests.xctest */;
			productType = "com.apple.product-type.bundle.ui-testing";
		};
/* End PBXNativeTarget section */

/* Begin PBXProject section */
		D6B48906225BF4CC00A40CC6 /* Project object */ = {
			isa = PBXProject;
			attributes = {
				LastSwiftUpdateCheck = 1020;
				LastUpgradeCheck = 1020;
				ORGANIZATIONNAME = "Gabe Gaerlan";
				TargetAttributes = {
					D6B4890D225BF4CC00A40CC6 = {
						CreatedOnToolsVersion = 10.2;
					};
					D6B48921225BF4CD00A40CC6 = {
						CreatedOnToolsVersion = 10.2;
						TestTargetID = D6B4890D225BF4CC00A40CC6;
					};
					D6B4892C225BF4CD00A40CC6 = {
						CreatedOnToolsVersion = 10.2;
						TestTargetID = D6B4890D225BF4CC00A40CC6;
					};
				};
			};
			buildConfigurationList = D6B48909225BF4CC00A40CC6 /* Build configuration list for PBXProject "Learn2Dance" */;
			compatibilityVersion = "Xcode 9.3";
			developmentRegion = en;
			hasScannedForEncodings = 0;
			knownRegions = (
				en,
				Base,
			);
			mainGroup = D6B48905225BF4CC00A40CC6;
			productRefGroup = D6B4890F225BF4CC00A40CC6 /* Products */;
			projectDirPath = "";
			projectRoot = "";
			targets = (
				D6B4890D225BF4CC00A40CC6 /* Learn2Dance */,
				D6B48921225BF4CD00A40CC6 /* Learn2DanceTests */,
				D6B4892C225BF4CD00A40CC6 /* Learn2DanceUITests */,
			);
		};
/* End PBXProject section */

/* Begin PBXResourcesBuildPhase section */
		D6B4890C225BF4CC00A40CC6 /* Resources */ = {
			isa = PBXResourcesBuildPhase;
			buildActionMask = 2147483647;
			files = (
				D6B48940225BF6D500A40CC6 /* Second.storyboard in Resources */,
				D6B4891C225BF4CD00A40CC6 /* LaunchScreen.storyboard in Resources */,
				D6B48919225BF4CD00A40CC6 /* Assets.xcassets in Resources */,
				D6B48917225BF4CC00A40CC6 /* Main.storyboard in Resources */,
				D6B48942225BF79D00A40CC6 /* Third.storyboard in Resources */,
			);
			runOnlyForDeploymentPostprocessing = 0;
		};
		D6B48920225BF4CD00A40CC6 /* Resources */ = {
			isa = PBXResourcesBuildPhase;
			buildActionMask = 2147483647;
			files = (
			);
			runOnlyForDeploymentPostprocessing = 0;
		};
		D6B4892B225BF4CD00A40CC6 /* Resources */ = {
			isa = PBXResourcesBuildPhase;
			buildActionMask = 2147483647;
			files = (
			);
			runOnlyForDeploymentPostprocessing = 0;
		};
/* End PBXResourcesBuildPhase section */

/* Begin PBXSourcesBuildPhase section */
		D6B4890A225BF4CC00A40CC6 /* Sources */ = {
			isa = PBXSourcesBuildPhase;
			buildActionMask = 2147483647;
			files = (
				D6B48914225BF4CC00A40CC6 /* ViewController.swift in Sources */,
				D6B48912225BF4CC00A40CC6 /* AppDelegate.swift in Sources */,
			);
			runOnlyForDeploymentPostprocessing = 0;
		};
		D6B4891E225BF4CD00A40CC6 /* Sources */ = {
			isa = PBXSourcesBuildPhase;
			buildActionMask = 2147483647;
			files = (
				D6B48927225BF4CD00A40CC6 /* Learn2DanceTests.swift in Sources */,
			);
			runOnlyForDeploymentPostprocessing = 0;
		};
		D6B48929225BF4CD00A40CC6 /* Sources */ = {
			isa = PBXSourcesBuildPhase;
			buildActionMask = 2147483647;
			files = (
				D6B48932225BF4CD00A40CC6 /* Learn2DanceUITests.swift in Sources */,
			);
			runOnlyForDeploymentPostprocessing = 0;
		};
/* End PBXSourcesBuildPhase section */

/* Begin PBXTargetDependency section */
		D6B48924225BF4CD00A40CC6 /* PBXTargetDependency */ = {
			isa = PBXTargetDependency;
			target = D6B4890D225BF4CC00A40CC6 /* Learn2Dance */;
			targetProxy = D6B48923225BF4CD00A40CC6 /* PBXContainerItemProxy */;
		};
		D6B4892F225BF4CD00A40CC6 /* PBXTargetDependency */ = {
			isa = PBXTargetDependency;
			target = D6B4890D225BF4CC00A40CC6 /* Learn2Dance */;
			targetProxy = D6B4892E225BF4CD00A40CC6 /* PBXContainerItemProxy */;
		};
/* End PBXTargetDependency section */

/* Begin PBXVariantGroup section */
		D6B48915225BF4CC00A40CC6 /* Main.storyboard */ = {
			isa = PBXVariantGroup;
			children = (
				D6B48916225BF4CC00A40CC6 /* Base */,
			);
			name = Main.storyboard;
			sourceTree = "<group>";
		};
		D6B4891A225BF4CD00A40CC6 /* LaunchScreen.storyboard */ = {
			isa = PBXVariantGroup;
			children = (
				D6B4891B225BF4CD00A40CC6 /* Base */,
			);
			name = LaunchScreen.storyboard;
			sourceTree = "<group>";
		};
/* End PBXVariantGroup section */

/* Begin XCBuildConfiguration section */
		D6B48934225BF4CD00A40CC6 /* Debug */ = {
			isa = XCBuildConfiguration;
			buildSettings = {
				ALWAYS_SEARCH_USER_PATHS = NO;
				CLANG_ANALYZER_NONNULL = YES;
				CLANG_ANALYZER_NUMBER_OBJECT_CONVERSION = YES_AGGRESSIVE;
				CLANG_CXX_LANGUAGE_STANDARD = "gnu++14";
				CLANG_CXX_LIBRARY = "libc++";
				CLANG_ENABLE_MODULES = YES;
				CLANG_ENABLE_OBJC_ARC = YES;
				CLANG_ENABLE_OBJC_WEAK = YES;
				CLANG_WARN_BLOCK_CAPTURE_AUTORELEASING = YES;
				CLANG_WARN_BOOL_CONVERSION = YES;
				CLANG_WARN_COMMA = YES;
				CLANG_WARN_CONSTANT_CONVERSION = YES;
				CLANG_WARN_DEPRECATED_OBJC_IMPLEMENTATIONS = YES;
				CLANG_WARN_DIRECT_OBJC_ISA_USAGE = YES_ERROR;
				CLANG_WARN_DOCUMENTATION_COMMENTS = YES;
				CLANG_WARN_EMPTY_BODY = YES;
				CLANG_WARN_ENUM_CONVERSION = YES;
				CLANG_WARN_INFINITE_RECURSION = YES;
				CLANG_WARN_INT_CONVERSION = YES;
				CLANG_WARN_NON_LITERAL_NULL_CONVERSION = YES;
				CLANG_WARN_OBJC_IMPLICIT_RETAIN_SELF = YES;
				CLANG_WARN_OBJC_LITERAL_CONVERSION = YES;
				CLANG_WARN_OBJC_ROOT_CLASS = YES_ERROR;
				CLANG_WARN_RANGE_LOOP_ANALYSIS = YES;
				CLANG_WARN_STRICT_PROTOTYPES = YES;
				CLANG_WARN_SUSPICIOUS_MOVE = YES;
				CLANG_WARN_UNGUARDED_AVAILABILITY = YES_AGGRESSIVE;
				CLANG_WARN_UNREACHABLE_CODE = YES;
				CLANG_WARN__DUPLICATE_METHOD_MATCH = YES;
				CODE_SIGN_IDENTITY = "iPhone Developer";
				COPY_PHASE_STRIP = NO;
				DEBUG_INFORMATION_FORMAT = dwarf;
				ENABLE_STRICT_OBJC_MSGSEND = YES;
				ENABLE_TESTABILITY = YES;
				GCC_C_LANGUAGE_STANDARD = gnu11;
				GCC_DYNAMIC_NO_PIC = NO;
				GCC_NO_COMMON_BLOCKS = YES;
				GCC_OPTIMIZATION_LEVEL = 0;
				GCC_PREPROCESSOR_DEFINITIONS = (
					"DEBUG=1",
					"$(inherited)",
				);
				GCC_WARN_64_TO_32_BIT_CONVERSION = YES;
				GCC_WARN_ABOUT_RETURN_TYPE = YES_ERROR;
				GCC_WARN_UNDECLARED_SELECTOR = YES;
				GCC_WARN_UNINITIALIZED_AUTOS = YES_AGGRESSIVE;
				GCC_WARN_UNUSED_FUNCTION = YES;
				GCC_WARN_UNUSED_VARIABLE = YES;
				IPHONEOS_DEPLOYMENT_TARGET = 12.2;
				MTL_ENABLE_DEBUG_INFO = INCLUDE_SOURCE;
				MTL_FAST_MATH = YES;
				ONLY_ACTIVE_ARCH = YES;
				SDKROOT = iphoneos;
				SWIFT_ACTIVE_COMPILATION_CONDITIONS = DEBUG;
				SWIFT_OPTIMIZATION_LEVEL = "-Onone";
			};
			name = Debug;
		};
		D6B48935225BF4CD00A40CC6 /* Release */ = {
			isa = XCBuildConfiguration;
			buildSettings = {
				ALWAYS_SEARCH_USER_PATHS = NO;
				CLANG_ANALYZER_NONNULL = YES;
				CLANG_ANALYZER_NUMBER_OBJECT_CONVERSION = YES_AGGRESSIVE;
				CLANG_CXX_LANGUAGE_STANDARD = "gnu++14";
				CLANG_CXX_LIBRARY = "libc++";
				CLANG_ENABLE_MODULES = YES;
				CLANG_ENABLE_OBJC_ARC = YES;
				CLANG_ENABLE_OBJC_WEAK = YES;
				CLANG_WARN_BLOCK_CAPTURE_AUTORELEASING = YES;
				CLANG_WARN_BOOL_CONVERSION = YES;
				CLANG_WARN_COMMA = YES;
				CLANG_WARN_CONSTANT_CONVERSION = YES;
				CLANG_WARN_DEPRECATED_OBJC_IMPLEMENTATIONS = YES;
				CLANG_WARN_DIRECT_OBJC_ISA_USAGE = YES_ERROR;
				CLANG_WARN_DOCUMENTATION_COMMENTS = YES;
				CLANG_WARN_EMPTY_BODY = YES;
				CLANG_WARN_ENUM_CONVERSION = YES;
				CLANG_WARN_INFINITE_RECURSION = YES;
				CLANG_WARN_INT_CONVERSION = YES;
				CLANG_WARN_NON_LITERAL_NULL_CONVERSION = YES;
				CLANG_WARN_OBJC_IMPLICIT_RETAIN_SELF = YES;
				CLANG_WARN_OBJC_LITERAL_CONVERSION = YES;
				CLANG_WARN_OBJC_ROOT_CLASS = YES_ERROR;
				CLANG_WARN_RANGE_LOOP_ANALYSIS = YES;
				CLANG_WARN_STRICT_PROTOTYPES = YES;
				CLANG_WARN_SUSPICIOUS_MOVE = YES;
				CLANG_WARN_UNGUARDED_AVAILABILITY = YES_AGGRESSIVE;
				CLANG_WARN_UNREACHABLE_CODE = YES;
				CLANG_WARN__DUPLICATE_METHOD_MATCH = YES;
				CODE_SIGN_IDENTITY = "iPhone Developer";
				COPY_PHASE_STRIP = NO;
				DEBUG_INFORMATION_FORMAT = "dwarf-with-dsym";
				ENABLE_NS_ASSERTIONS = NO;
				ENABLE_STRICT_OBJC_MSGSEND = YES;
				GCC_C_LANGUAGE_STANDARD = gnu11;
				GCC_NO_COMMON_BLOCKS = YES;
				GCC_WARN_64_TO_32_BIT_CONVERSION = YES;
				GCC_WARN_ABOUT_RETURN_TYPE = YES_ERROR;
				GCC_WARN_UNDECLARED_SELECTOR = YES;
				GCC_WARN_UNINITIALIZED_AUTOS = YES_AGGRESSIVE;
				GCC_WARN_UNUSED_FUNCTION = YES;
				GCC_WARN_UNUSED_VARIABLE = YES;
				IPHONEOS_DEPLOYMENT_TARGET = 12.2;
				MTL_ENABLE_DEBUG_INFO = NO;
				MTL_FAST_MATH = YES;
				SDKROOT = iphoneos;
				SWIFT_COMPILATION_MODE = wholemodule;
				SWIFT_OPTIMIZATION_LEVEL = "-O";
				VALIDATE_PRODUCT = YES;
			};
			name = Release;
		};
		D6B48937225BF4CD00A40CC6 /* Debug */ = {
			isa = XCBuildConfiguration;
			buildSettings = {
				ASSETCATALOG_COMPILER_APPICON_NAME = AppIcon;
				CODE_SIGN_STYLE = Automatic;
				INFOPLIST_FILE = Learn2Dance/Info.plist;
				LD_RUNPATH_SEARCH_PATHS = (
					"$(inherited)",
					"@executable_path/Frameworks",
				);
				PRODUCT_BUNDLE_IDENTIFIER = ggaerlan.Learn2Dance;
				PRODUCT_NAME = "$(TARGET_NAME)";
				SWIFT_VERSION = 5.0;
				TARGETED_DEVICE_FAMILY = "1,2";
			};
			name = Debug;
		};
		D6B48938225BF4CD00A40CC6 /* Release */ = {
			isa = XCBuildConfiguration;
			buildSettings = {
				ASSETCATALOG_COMPILER_APPICON_NAME = AppIcon;
				CODE_SIGN_STYLE = Automatic;
				INFOPLIST_FILE = Learn2Dance/Info.plist;
				LD_RUNPATH_SEARCH_PATHS = (
					"$(inherited)",
					"@executable_path/Frameworks",
				);
				PRODUCT_BUNDLE_IDENTIFIER = ggaerlan.Learn2Dance;
				PRODUCT_NAME = "$(TARGET_NAME)";
				SWIFT_VERSION = 5.0;
				TARGETED_DEVICE_FAMILY = "1,2";
			};
			name = Release;
		};
		D6B4893A225BF4CD00A40CC6 /* Debug */ = {
			isa = XCBuildConfiguration;
			buildSettings = {
				ALWAYS_EMBED_SWIFT_STANDARD_LIBRARIES = YES;
				BUNDLE_LOADER = "$(TEST_HOST)";
				CODE_SIGN_STYLE = Automatic;
				INFOPLIST_FILE = Learn2DanceTests/Info.plist;
				LD_RUNPATH_SEARCH_PATHS = (
					"$(inherited)",
					"@executable_path/Frameworks",
					"@loader_path/Frameworks",
				);
				PRODUCT_BUNDLE_IDENTIFIER = ggaerlan.Learn2DanceTests;
				PRODUCT_NAME = "$(TARGET_NAME)";
				SWIFT_VERSION = 5.0;
				TARGETED_DEVICE_FAMILY = "1,2";
				TEST_HOST = "$(BUILT_PRODUCTS_DIR)/Learn2Dance.app/Learn2Dance";
			};
			name = Debug;
		};
		D6B4893B225BF4CD00A40CC6 /* Release */ = {
			isa = XCBuildConfiguration;
			buildSettings = {
				ALWAYS_EMBED_SWIFT_STANDARD_LIBRARIES = YES;
				BUNDLE_LOADER = "$(TEST_HOST)";
				CODE_SIGN_STYLE = Automatic;
				INFOPLIST_FILE = Learn2DanceTests/Info.plist;
				LD_RUNPATH_SEARCH_PATHS = (
					"$(inherited)",
					"@executable_path/Frameworks",
					"@loader_path/Frameworks",
				);
				PRODUCT_BUNDLE_IDENTIFIER = ggaerlan.Learn2DanceTests;
				PRODUCT_NAME = "$(TARGET_NAME)";
				SWIFT_VERSION = 5.0;
				TARGETED_DEVICE_FAMILY = "1,2";
				TEST_HOST = "$(BUILT_PRODUCTS_DIR)/Learn2Dance.app/Learn2Dance";
			};
			name = Release;
		};
		D6B4893D225BF4CD00A40CC6 /* Debug */ = {
			isa = XCBuildConfiguration;
			buildSettings = {
				ALWAYS_EMBED_SWIFT_STANDARD_LIBRARIES = YES;
				CODE_SIGN_STYLE = Automatic;
				INFOPLIST_FILE = Learn2DanceUITests/Info.plist;
				LD_RUNPATH_SEARCH_PATHS = (
					"$(inherited)",
					"@executable_path/Frameworks",
					"@loader_path/Frameworks",
				);
				PRODUCT_BUNDLE_IDENTIFIER = ggaerlan.Learn2DanceUITests;
				PRODUCT_NAME = "$(TARGET_NAME)";
				SWIFT_VERSION = 5.0;
				TARGETED_DEVICE_FAMILY = "1,2";
				TEST_TARGET_NAME = Learn2Dance;
			};
			name = Debug;
		};
		D6B4893E225BF4CD00A40CC6 /* Release */ = {
			isa = XCBuildConfiguration;
			buildSettings = {
				ALWAYS_EMBED_SWIFT_STANDARD_LIBRARIES = YES;
				CODE_SIGN_STYLE = Automatic;
				INFOPLIST_FILE = Learn2DanceUITests/Info.plist;
				LD_RUNPATH_SEARCH_PATHS = (
					"$(inherited)",
					"@executable_path/Frameworks",
					"@loader_path/Frameworks",
				);
				PRODUCT_BUNDLE_IDENTIFIER = ggaerlan.Learn2DanceUITests;
				PRODUCT_NAME = "$(TARGET_NAME)";
				SWIFT_VERSION = 5.0;
				TARGETED_DEVICE_FAMILY = "1,2";
				TEST_TARGET_NAME = Learn2Dance;
			};
			name = Release;
		};
/* End XCBuildConfiguration section */

/* Begin XCConfigurationList section */
		D6B48909225BF4CC00A40CC6 /* Build configuration list for PBXProject "Learn2Dance" */ = {
			isa = XCConfigurationList;
			buildConfigurations = (
				D6B48934225BF4CD00A40CC6 /* Debug */,
				D6B48935225BF4CD00A40CC6 /* Release */,
			);
			defaultConfigurationIsVisible = 0;
			defaultConfigurationName = Release;
		};
		D6B48936225BF4CD00A40CC6 /* Build configuration list for PBXNativeTarget "Learn2Dance" */ = {
			isa = XCConfigurationList;
			buildConfigurations = (
				D6B48937225BF4CD00A40CC6 /* Debug */,
				D6B48938225BF4CD00A40CC6 /* Release */,
			);
			defaultConfigurationIsVisible = 0;
			defaultConfigurationName = Release;
		};
		D6B48939225BF4CD00A40CC6 /* Build configuration list for PBXNativeTarget "Learn2DanceTests" */ = {
			isa = XCConfigurationList;
			buildConfigurations = (
				D6B4893A225BF4CD00A40CC6 /* Debug */,
				D6B4893B225BF4CD00A40CC6 /* Release */,
			);
			defaultConfigurationIsVisible = 0;
			defaultConfigurationName = Release;
		};
		D6B4893C225BF4CD00A40CC6 /* Build configuration list for PBXNativeTarget "Learn2DanceUITests" */ = {
			isa = XCConfigurationList;
			buildConfigurations = (
				D6B4893D225BF4CD00A40CC6 /* Debug */,
				D6B4893E225BF4CD00A40CC6 /* Release */,
			);
			defaultConfigurationIsVisible = 0;
			defaultConfigurationName = Release;
		};
/* End XCConfigurationList section */
	};
	rootObject = D6B48906225BF4CC00A40CC6 /* Project object */;
}
